// !$*UTF8*$!
{
	archiveVersion = 1;
	classes = {
	};
	objectVersion = 50;
	objects = {

/* Begin PBXBuildFile section */
		77A02F7C2226688700550521 /* Track.swift in Sources */ = {isa = PBXBuildFile; fileRef = 77A02F7B2226688700550521 /* Track.swift */; };
		77ACCB272223B3B30087F4E4 /* AppDelegate.swift in Sources */ = {isa = PBXBuildFile; fileRef = 77ACCB262223B3B30087F4E4 /* AppDelegate.swift */; };
		77ACCB292223B3B30087F4E4 /* ViewController.swift in Sources */ = {isa = PBXBuildFile; fileRef = 77ACCB282223B3B30087F4E4 /* ViewController.swift */; };
		77ACCB2C2223B3B30087F4E4 /* Main.storyboard in Resources */ = {isa = PBXBuildFile; fileRef = 77ACCB2A2223B3B30087F4E4 /* Main.storyboard */; };
		77ACCB2E2223B3B40087F4E4 /* Assets.xcassets in Resources */ = {isa = PBXBuildFile; fileRef = 77ACCB2D2223B3B40087F4E4 /* Assets.xcassets */; };
		77ACCB312223B3B40087F4E4 /* LaunchScreen.storyboard in Resources */ = {isa = PBXBuildFile; fileRef = 77ACCB2F2223B3B40087F4E4 /* LaunchScreen.storyboard */; };
		77ACCB3C2223B3B40087F4E4 /* FileDownloadTests.swift in Sources */ = {isa = PBXBuildFile; fileRef = 77ACCB3B2223B3B40087F4E4 /* FileDownloadTests.swift */; };
		77ACCB472223B3B40087F4E4 /* FileDownloadUITests.swift in Sources */ = {isa = PBXBuildFile; fileRef = 77ACCB462223B3B40087F4E4 /* FileDownloadUITests.swift */; };
		77B5EDA2222662D90022F554 /* NetworkManager.swift in Sources */ = {isa = PBXBuildFile; fileRef = 77B5EDA1222662D90022F554 /* NetworkManager.swift */; };
		89B43E1EC3B108286B0E40D5 /* Pods_FileDownload.framework in Frameworks */ = {isa = PBXBuildFile; fileRef = 008576874FF49B5CB3553D94 /* Pods_FileDownload.framework */; };
		E4884FCD72A2BAA4CDF49F9C /* Pods_FileDownloadUITests.framework in Frameworks */ = {isa = PBXBuildFile; fileRef = A251BA22A10E9E87DB26140F /* Pods_FileDownloadUITests.framework */; };
		EFACB19C1757FBBEA516C676 /* Pods_FileDownloadTests.framework in Frameworks */ = {isa = PBXBuildFile; fileRef = 7A1936C8E2EE3C9EF5B0F932 /* Pods_FileDownloadTests.framework */; };
/* End PBXBuildFile section */

/* Begin PBXContainerItemProxy section */
		77ACCB382223B3B40087F4E4 /* PBXContainerItemProxy */ = {
			isa = PBXContainerItemProxy;
			containerPortal = 77ACCB1B2223B3B30087F4E4 /* Project object */;
			proxyType = 1;
			remoteGlobalIDString = 77ACCB222223B3B30087F4E4;
			remoteInfo = FileDownload;
		};
		77ACCB432223B3B40087F4E4 /* PBXContainerItemProxy */ = {
			isa = PBXContainerItemProxy;
			containerPortal = 77ACCB1B2223B3B30087F4E4 /* Project object */;
			proxyType = 1;
			remoteGlobalIDString = 77ACCB222223B3B30087F4E4;
			remoteInfo = FileDownload;
		};
/* End PBXContainerItemProxy section */

/* Begin PBXFileReference section */
		008576874FF49B5CB3553D94 /* Pods_FileDownload.framework */ = {isa = PBXFileReference; explicitFileType = wrapper.framework; includeInIndex = 0; path = Pods_FileDownload.framework; sourceTree = BUILT_PRODUCTS_DIR; };
		4FCDB542B83D04DD4C2BF2AF /* Pods-FileDownload.release.xcconfig */ = {isa = PBXFileReference; includeInIndex = 1; lastKnownFileType = text.xcconfig; name = "Pods-FileDownload.release.xcconfig"; path = "Target Support Files/Pods-FileDownload/Pods-FileDownload.release.xcconfig"; sourceTree = "<group>"; };
		70583A91BAC7237C37D9B350 /* Pods-FileDownloadUITests.debug.xcconfig */ = {isa = PBXFileReference; includeInIndex = 1; lastKnownFileType = text.xcconfig; name = "Pods-FileDownloadUITests.debug.xcconfig"; path = "Target Support Files/Pods-FileDownloadUITests/Pods-FileDownloadUITests.debug.xcconfig"; sourceTree = "<group>"; };
		77A02F7B2226688700550521 /* Track.swift */ = {isa = PBXFileReference; lastKnownFileType = sourcecode.swift; path = Track.swift; sourceTree = "<group>"; };
		77ACCB232223B3B30087F4E4 /* FileDownload.app */ = {isa = PBXFileReference; explicitFileType = wrapper.application; includeInIndex = 0; path = FileDownload.app; sourceTree = BUILT_PRODUCTS_DIR; };
		77ACCB262223B3B30087F4E4 /* AppDelegate.swift */ = {isa = PBXFileReference; lastKnownFileType = sourcecode.swift; path = AppDelegate.swift; sourceTree = "<group>"; };
		77ACCB282223B3B30087F4E4 /* ViewController.swift */ = {isa = PBXFileReference; lastKnownFileType = sourcecode.swift; path = ViewController.swift; sourceTree = "<group>"; };
		77ACCB2B2223B3B30087F4E4 /* Base */ = {isa = PBXFileReference; lastKnownFileType = file.storyboard; name = Base; path = Base.lproj/Main.storyboard; sourceTree = "<group>"; };
		77ACCB2D2223B3B40087F4E4 /* Assets.xcassets */ = {isa = PBXFileReference; lastKnownFileType = folder.assetcatalog; path = Assets.xcassets; sourceTree = "<group>"; };
		77ACCB302223B3B40087F4E4 /* Base */ = {isa = PBXFileReference; lastKnownFileType = file.storyboard; name = Base; path = Base.lproj/LaunchScreen.storyboard; sourceTree = "<group>"; };
		77ACCB322223B3B40087F4E4 /* Info.plist */ = {isa = PBXFileReference; lastKnownFileType = text.plist.xml; path = Info.plist; sourceTree = "<group>"; };
		77ACCB372223B3B40087F4E4 /* FileDownloadTests.xctest */ = {isa = PBXFileReference; explicitFileType = wrapper.cfbundle; includeInIndex = 0; path = FileDownloadTests.xctest; sourceTree = BUILT_PRODUCTS_DIR; };
		77ACCB3B2223B3B40087F4E4 /* FileDownloadTests.swift */ = {isa = PBXFileReference; lastKnownFileType = sourcecode.swift; path = FileDownloadTests.swift; sourceTree = "<group>"; };
		77ACCB3D2223B3B40087F4E4 /* Info.plist */ = {isa = PBXFileReference; lastKnownFileType = text.plist.xml; path = Info.plist; sourceTree = "<group>"; };
		77ACCB422223B3B40087F4E4 /* FileDownloadUITests.xctest */ = {isa = PBXFileReference; explicitFileType = wrapper.cfbundle; includeInIndex = 0; path = FileDownloadUITests.xctest; sourceTree = BUILT_PRODUCTS_DIR; };
		77ACCB462223B3B40087F4E4 /* FileDownloadUITests.swift */ = {isa = PBXFileReference; lastKnownFileType = sourcecode.swift; path = FileDownloadUITests.swift; sourceTree = "<group>"; };
		77ACCB482223B3B40087F4E4 /* Info.plist */ = {isa = PBXFileReference; lastKnownFileType = text.plist.xml; path = Info.plist; sourceTree = "<group>"; };
		77B5EDA1222662D90022F554 /* NetworkManager.swift */ = {isa = PBXFileReference; lastKnownFileType = sourcecode.swift; path = NetworkManager.swift; sourceTree = "<group>"; };
		7A1936C8E2EE3C9EF5B0F932 /* Pods_FileDownloadTests.framework */ = {isa = PBXFileReference; explicitFileType = wrapper.framework; includeInIndex = 0; path = Pods_FileDownloadTests.framework; sourceTree = BUILT_PRODUCTS_DIR; };
		9FCB6141FDC2CD7A548E6742 /* Pods-FileDownloadTests.release.xcconfig */ = {isa = PBXFileReference; includeInIndex = 1; lastKnownFileType = text.xcconfig; name = "Pods-FileDownloadTests.release.xcconfig"; path = "Target Support Files/Pods-FileDownloadTests/Pods-FileDownloadTests.release.xcconfig"; sourceTree = "<group>"; };
		A251BA22A10E9E87DB26140F /* Pods_FileDownloadUITests.framework */ = {isa = PBXFileReference; explicitFileType = wrapper.framework; includeInIndex = 0; path = Pods_FileDownloadUITests.framework; sourceTree = BUILT_PRODUCTS_DIR; };
		A6DFFC6A328C342484631FC4 /* Pods-FileDownload.debug.xcconfig */ = {isa = PBXFileReference; includeInIndex = 1; lastKnownFileType = text.xcconfig; name = "Pods-FileDownload.debug.xcconfig"; path = "Target Support Files/Pods-FileDownload/Pods-FileDownload.debug.xcconfig"; sourceTree = "<group>"; };
		E457598277C2F10101530D26 /* Pods-FileDownloadUITests.release.xcconfig */ = {isa = PBXFileReference; includeInIndex = 1; lastKnownFileType = text.xcconfig; name = "Pods-FileDownloadUITests.release.xcconfig"; path = "Target Support Files/Pods-FileDownloadUITests/Pods-FileDownloadUITests.release.xcconfig"; sourceTree = "<group>"; };
		E651852A1891D8B0CF36C3D9 /* Pods-FileDownloadTests.debug.xcconfig */ = {isa = PBXFileReference; includeInIndex = 1; lastKnownFileType = text.xcconfig; name = "Pods-FileDownloadTests.debug.xcconfig"; path = "Target Support Files/Pods-FileDownloadTests/Pods-FileDownloadTests.debug.xcconfig"; sourceTree = "<group>"; };
/* End PBXFileReference section */

/* Begin PBXFrameworksBuildPhase section */
		77ACCB202223B3B30087F4E4 /* Frameworks */ = {
			isa = PBXFrameworksBuildPhase;
			buildActionMask = 2147483647;
			files = (
				89B43E1EC3B108286B0E40D5 /* Pods_FileDownload.framework in Frameworks */,
			);
			runOnlyForDeploymentPostprocessing = 0;
		};
		77ACCB342223B3B40087F4E4 /* Frameworks */ = {
			isa = PBXFrameworksBuildPhase;
			buildActionMask = 2147483647;
			files = (
				EFACB19C1757FBBEA516C676 /* Pods_FileDownloadTests.framework in Frameworks */,
			);
			runOnlyForDeploymentPostprocessing = 0;
		};
		77ACCB3F2223B3B40087F4E4 /* Frameworks */ = {
			isa = PBXFrameworksBuildPhase;
			buildActionMask = 2147483647;
			files = (
				E4884FCD72A2BAA4CDF49F9C /* Pods_FileDownloadUITests.framework in Frameworks */,
			);
			runOnlyForDeploymentPostprocessing = 0;
		};
/* End PBXFrameworksBuildPhase section */

/* Begin PBXGroup section */
		77ACCB1A2223B3B30087F4E4 = {
			isa = PBXGroup;
			children = (
				77ACCB252223B3B30087F4E4 /* FileDownload */,
				77ACCB3A2223B3B40087F4E4 /* FileDownloadTests */,
				77ACCB452223B3B40087F4E4 /* FileDownloadUITests */,
				77ACCB242223B3B30087F4E4 /* Products */,
				A61CA23B6E1BCF15CD7E3D22 /* Pods */,
				97D83D3146D5B52AFA36B64C /* Frameworks */,
			);
			sourceTree = "<group>";
		};
		77ACCB242223B3B30087F4E4 /* Products */ = {
			isa = PBXGroup;
			children = (
				77ACCB232223B3B30087F4E4 /* FileDownload.app */,
				77ACCB372223B3B40087F4E4 /* FileDownloadTests.xctest */,
				77ACCB422223B3B40087F4E4 /* FileDownloadUITests.xctest */,
			);
			name = Products;
			sourceTree = "<group>";
		};
		77ACCB252223B3B30087F4E4 /* FileDownload */ = {
			isa = PBXGroup;
			children = (
				77ACCB262223B3B30087F4E4 /* AppDelegate.swift */,
				77ACCB282223B3B30087F4E4 /* ViewController.swift */,
				77ACCB2A2223B3B30087F4E4 /* Main.storyboard */,
				77ACCB2D2223B3B40087F4E4 /* Assets.xcassets */,
				77ACCB2F2223B3B40087F4E4 /* LaunchScreen.storyboard */,
				77ACCB322223B3B40087F4E4 /* Info.plist */,
				77B5EDA1222662D90022F554 /* NetworkManager.swift */,
				77A02F7B2226688700550521 /* Track.swift */,
			);
			path = FileDownload;
			sourceTree = "<group>";
		};
		77ACCB3A2223B3B40087F4E4 /* FileDownloadTests */ = {
			isa = PBXGroup;
			children = (
				77ACCB3B2223B3B40087F4E4 /* FileDownloadTests.swift */,
				77ACCB3D2223B3B40087F4E4 /* Info.plist */,
			);
			path = FileDownloadTests;
			sourceTree = "<group>";
		};
		77ACCB452223B3B40087F4E4 /* FileDownloadUITests */ = {
			isa = PBXGroup;
			children = (
				77ACCB462223B3B40087F4E4 /* FileDownloadUITests.swift */,
				77ACCB482223B3B40087F4E4 /* Info.plist */,
			);
			path = FileDownloadUITests;
			sourceTree = "<group>";
		};
		97D83D3146D5B52AFA36B64C /* Frameworks */ = {
			isa = PBXGroup;
			children = (
				008576874FF49B5CB3553D94 /* Pods_FileDownload.framework */,
				7A1936C8E2EE3C9EF5B0F932 /* Pods_FileDownloadTests.framework */,
				A251BA22A10E9E87DB26140F /* Pods_FileDownloadUITests.framework */,
			);
			name = Frameworks;
			sourceTree = "<group>";
		};
		A61CA23B6E1BCF15CD7E3D22 /* Pods */ = {
			isa = PBXGroup;
			children = (
				A6DFFC6A328C342484631FC4 /* Pods-FileDownload.debug.xcconfig */,
				4FCDB542B83D04DD4C2BF2AF /* Pods-FileDownload.release.xcconfig */,
				E651852A1891D8B0CF36C3D9 /* Pods-FileDownloadTests.debug.xcconfig */,
				9FCB6141FDC2CD7A548E6742 /* Pods-FileDownloadTests.release.xcconfig */,
				70583A91BAC7237C37D9B350 /* Pods-FileDownloadUITests.debug.xcconfig */,
				E457598277C2F10101530D26 /* Pods-FileDownloadUITests.release.xcconfig */,
			);
			path = Pods;
			sourceTree = "<group>";
		};
/* End PBXGroup section */

/* Begin PBXNativeTarget section */
		77ACCB222223B3B30087F4E4 /* FileDownload */ = {
			isa = PBXNativeTarget;
			buildConfigurationList = 77ACCB4B2223B3B40087F4E4 /* Build configuration list for PBXNativeTarget "FileDownload" */;
			buildPhases = (
				C028BA16284CD1E56270E5D6 /* [CP] Check Pods Manifest.lock */,
				77ACCB1F2223B3B30087F4E4 /* Sources */,
				77ACCB202223B3B30087F4E4 /* Frameworks */,
				77ACCB212223B3B30087F4E4 /* Resources */,
				5FBAFD9E7B4F00D0BE8451B0 /* [CP] Embed Pods Frameworks */,
			);
			buildRules = (
			);
			dependencies = (
			);
			name = FileDownload;
			productName = FileDownload;
			productReference = 77ACCB232223B3B30087F4E4 /* FileDownload.app */;
			productType = "com.apple.product-type.application";
		};
		77ACCB362223B3B40087F4E4 /* FileDownloadTests */ = {
			isa = PBXNativeTarget;
			buildConfigurationList = 77ACCB4E2223B3B40087F4E4 /* Build configuration list for PBXNativeTarget "FileDownloadTests" */;
			buildPhases = (
				C00C8F5A5DD6E10797CA1FD2 /* [CP] Check Pods Manifest.lock */,
				77ACCB332223B3B40087F4E4 /* Sources */,
				77ACCB342223B3B40087F4E4 /* Frameworks */,
				77ACCB352223B3B40087F4E4 /* Resources */,
			);
			buildRules = (
			);
			dependencies = (
				77ACCB392223B3B40087F4E4 /* PBXTargetDependency */,
			);
			name = FileDownloadTests;
			productName = FileDownloadTests;
			productReference = 77ACCB372223B3B40087F4E4 /* FileDownloadTests.xctest */;
			productType = "com.apple.product-type.bundle.unit-test";
		};
		77ACCB412223B3B40087F4E4 /* FileDownloadUITests */ = {
			isa = PBXNativeTarget;
			buildConfigurationList = 77ACCB512223B3B40087F4E4 /* Build configuration list for PBXNativeTarget "FileDownloadUITests" */;
			buildPhases = (
				8B30D682F4E215BEBE7A95FD /* [CP] Check Pods Manifest.lock */,
				77ACCB3E2223B3B40087F4E4 /* Sources */,
				77ACCB3F2223B3B40087F4E4 /* Frameworks */,
				77ACCB402223B3B40087F4E4 /* Resources */,
			);
			buildRules = (
			);
			dependencies = (
				77ACCB442223B3B40087F4E4 /* PBXTargetDependency */,
			);
			name = FileDownloadUITests;
			productName = FileDownloadUITests;
			productReference = 77ACCB422223B3B40087F4E4 /* FileDownloadUITests.xctest */;
			productType = "com.apple.product-type.bundle.ui-testing";
		};
/* End PBXNativeTarget section */

/* Begin PBXProject section */
		77ACCB1B2223B3B30087F4E4 /* Project object */ = {
			isa = PBXProject;
			attributes = {
				LastSwiftUpdateCheck = 1010;
				LastUpgradeCheck = 1010;
				ORGANIZATIONNAME = "Karthick Ramasamy";
				TargetAttributes = {
					77ACCB222223B3B30087F4E4 = {
						CreatedOnToolsVersion = 10.1;
					};
					77ACCB362223B3B40087F4E4 = {
						CreatedOnToolsVersion = 10.1;
						TestTargetID = 77ACCB222223B3B30087F4E4;
					};
					77ACCB412223B3B40087F4E4 = {
						CreatedOnToolsVersion = 10.1;
						TestTargetID = 77ACCB222223B3B30087F4E4;
					};
				};
			};
			buildConfigurationList = 77ACCB1E2223B3B30087F4E4 /* Build configuration list for PBXProject "FileDownload" */;
			compatibilityVersion = "Xcode 9.3";
			developmentRegion = en;
			hasScannedForEncodings = 0;
			knownRegions = (
				en,
				Base,
			);
			mainGroup = 77ACCB1A2223B3B30087F4E4;
			productRefGroup = 77ACCB242223B3B30087F4E4 /* Products */;
			projectDirPath = "";
			projectRoot = "";
			targets = (
				77ACCB222223B3B30087F4E4 /* FileDownload */,
				77ACCB362223B3B40087F4E4 /* FileDownloadTests */,
				77ACCB412223B3B40087F4E4 /* FileDownloadUITests */,
			);
		};
/* End PBXProject section */

/* Begin PBXResourcesBuildPhase section */
		77ACCB212223B3B30087F4E4 /* Resources */ = {
			isa = PBXResourcesBuildPhase;
			buildActionMask = 2147483647;
			files = (
				77ACCB312223B3B40087F4E4 /* LaunchScreen.storyboard in Resources */,
				77ACCB2E2223B3B40087F4E4 /* Assets.xcassets in Resources */,
				77ACCB2C2223B3B30087F4E4 /* Main.storyboard in Resources */,
			);
			runOnlyForDeploymentPostprocessing = 0;
		};
		77ACCB352223B3B40087F4E4 /* Resources */ = {
			isa = PBXResourcesBuildPhase;
			buildActionMask = 2147483647;
			files = (
			);
			runOnlyForDeploymentPostprocessing = 0;
		};
		77ACCB402223B3B40087F4E4 /* Resources */ = {
			isa = PBXResourcesBuildPhase;
			buildActionMask = 2147483647;
			files = (
			);
			runOnlyForDeploymentPostprocessing = 0;
		};
/* End PBXResourcesBuildPhase section */

/* Begin PBXShellScriptBuildPhase section */
		5FBAFD9E7B4F00D0BE8451B0 /* [CP] Embed Pods Frameworks */ = {
			isa = PBXShellScriptBuildPhase;
			buildActionMask = 2147483647;
			files = (
			);
			inputFileListPaths = (
			);
			inputPaths = (
				"${PODS_ROOT}/Target Support Files/Pods-FileDownload/Pods-FileDownload-frameworks.sh",
				"${BUILT_PRODUCTS_DIR}/RxAtomic/RxAtomic.framework",
				"${BUILT_PRODUCTS_DIR}/RxCocoa/RxCocoa.framework",
				"${BUILT_PRODUCTS_DIR}/RxOptional/RxOptional.framework",
				"${BUILT_PRODUCTS_DIR}/RxSwift/RxSwift.framework",
				"${BUILT_PRODUCTS_DIR}/SwiftyJSON/SwiftyJSON.framework",
			);
			name = "[CP] Embed Pods Frameworks";
			outputFileListPaths = (
			);
			outputPaths = (
				"${TARGET_BUILD_DIR}/${FRAMEWORKS_FOLDER_PATH}/RxAtomic.framework",
				"${TARGET_BUILD_DIR}/${FRAMEWORKS_FOLDER_PATH}/RxCocoa.framework",
				"${TARGET_BUILD_DIR}/${FRAMEWORKS_FOLDER_PATH}/RxOptional.framework",
				"${TARGET_BUILD_DIR}/${FRAMEWORKS_FOLDER_PATH}/RxSwift.framework",
				"${TARGET_BUILD_DIR}/${FRAMEWORKS_FOLDER_PATH}/SwiftyJSON.framework",
			);
			runOnlyForDeploymentPostprocessing = 0;
			shellPath = /bin/sh;
			shellScript = "\"${PODS_ROOT}/Target Support Files/Pods-FileDownload/Pods-FileDownload-frameworks.sh\"\n";
			showEnvVarsInLog = 0;
		};
		8B30D682F4E215BEBE7A95FD /* [CP] Check Pods Manifest.lock */ = {
			isa = PBXShellScriptBuildPhase;
			buildActionMask = 2147483647;
			files = (
			);
			inputFileListPaths = (
			);
			inputPaths = (
				"${PODS_PODFILE_DIR_PATH}/Podfile.lock",
				"${PODS_ROOT}/Manifest.lock",
			);
			name = "[CP] Check Pods Manifest.lock";
			outputFileListPaths = (
			);
			outputPaths = (
				"$(DERIVED_FILE_DIR)/Pods-FileDownloadUITests-checkManifestLockResult.txt",
			);
			runOnlyForDeploymentPostprocessing = 0;
			shellPath = /bin/sh;
			shellScript = "diff \"${PODS_PODFILE_DIR_PATH}/Podfile.lock\" \"${PODS_ROOT}/Manifest.lock\" > /dev/null\nif [ $? != 0 ] ; then\n    # print error to STDERR\n    echo \"error: The sandbox is not in sync with the Podfile.lock. Run 'pod install' or update your CocoaPods installation.\" >&2\n    exit 1\nfi\n# This output is used by Xcode 'outputs' to avoid re-running this script phase.\necho \"SUCCESS\" > \"${SCRIPT_OUTPUT_FILE_0}\"\n";
			showEnvVarsInLog = 0;
		};
		C00C8F5A5DD6E10797CA1FD2 /* [CP] Check Pods Manifest.lock */ = {
			isa = PBXShellScriptBuildPhase;
			buildActionMask = 2147483647;
			files = (
			);
			inputFileListPaths = (
			);
			inputPaths = (
				"${PODS_PODFILE_DIR_PATH}/Podfile.lock",
				"${PODS_ROOT}/Manifest.lock",
			);
			name = "[CP] Check Pods Manifest.lock";
			outputFileListPaths = (
			);
			outputPaths = (
				"$(DERIVED_FILE_DIR)/Pods-FileDownloadTests-checkManifestLockResult.txt",
			);
			runOnlyForDeploymentPostprocessing = 0;
			shellPath = /bin/sh;
			shellScript = "diff \"${PODS_PODFILE_DIR_PATH}/Podfile.lock\" \"${PODS_ROOT}/Manifest.lock\" > /dev/null\nif [ $? != 0 ] ; then\n    # print error to STDERR\n    echo \"error: The sandbox is not in sync with the Podfile.lock. Run 'pod install' or update your CocoaPods installation.\" >&2\n    exit 1\nfi\n# This output is used by Xcode 'outputs' to avoid re-running this script phase.\necho \"SUCCESS\" > \"${SCRIPT_OUTPUT_FILE_0}\"\n";
			showEnvVarsInLog = 0;
		};
		C028BA16284CD1E56270E5D6 /* [CP] Check Pods Manifest.lock */ = {
			isa = PBXShellScriptBuildPhase;
			buildActionMask = 2147483647;
			files = (
			);
			inputFileListPaths = (
			);
			inputPaths = (
				"${PODS_PODFILE_DIR_PATH}/Podfile.lock",
				"${PODS_ROOT}/Manifest.lock",
			);
			name = "[CP] Check Pods Manifest.lock";
			outputFileListPaths = (
			);
			outputPaths = (
				"$(DERIVED_FILE_DIR)/Pods-FileDownload-checkManifestLockResult.txt",
			);
			runOnlyForDeploymentPostprocessing = 0;
			shellPath = /bin/sh;
			shellScript = "diff \"${PODS_PODFILE_DIR_PATH}/Podfile.lock\" \"${PODS_ROOT}/Manifest.lock\" > /dev/null\nif [ $? != 0 ] ; then\n    # print error to STDERR\n    echo \"error: The sandbox is not in sync with the Podfile.lock. Run 'pod install' or update your CocoaPods installation.\" >&2\n    exit 1\nfi\n# This output is used by Xcode 'outputs' to avoid re-running this script phase.\necho \"SUCCESS\" > \"${SCRIPT_OUTPUT_FILE_0}\"\n";
			showEnvVarsInLog = 0;
		};
/* End PBXShellScriptBuildPhase section */

/* Begin PBXSourcesBuildPhase section */
		77ACCB1F2223B3B30087F4E4 /* Sources */ = {
			isa = PBXSourcesBuildPhase;
			buildActionMask = 2147483647;
			files = (
				77B5EDA2222662D90022F554 /* NetworkManager.swift in Sources */,
				77ACCB292223B3B30087F4E4 /* ViewController.swift in Sources */,
				77ACCB272223B3B30087F4E4 /* AppDelegate.swift in Sources */,
				77A02F7C2226688700550521 /* Track.swift in Sources */,
			);
			runOnlyForDeploymentPostprocessing = 0;
		};
		77ACCB332223B3B40087F4E4 /* Sources */ = {
			isa = PBXSourcesBuildPhase;
			buildActionMask = 2147483647;
			files = (
				77ACCB3C2223B3B40087F4E4 /* FileDownloadTests.swift in Sources */,
			);
			runOnlyForDeploymentPostprocessing = 0;
		};
		77ACCB3E2223B3B40087F4E4 /* Sources */ = {
			isa = PBXSourcesBuildPhase;
			buildActionMask = 2147483647;
			files = (
				77ACCB472223B3B40087F4E4 /* FileDownloadUITests.swift in Sources */,
			);
			runOnlyForDeploymentPostprocessing = 0;
		};
/* End PBXSourcesBuildPhase section */

/* Begin PBXTargetDependency section */
		77ACCB392223B3B40087F4E4 /* PBXTargetDependency */ = {
			isa = PBXTargetDependency;
			target = 77ACCB222223B3B30087F4E4 /* FileDownload */;
			targetProxy = 77ACCB382223B3B40087F4E4 /* PBXContainerItemProxy */;
		};
		77ACCB442223B3B40087F4E4 /* PBXTargetDependency */ = {
			isa = PBXTargetDependency;
			target = 77ACCB222223B3B30087F4E4 /* FileDownload */;
			targetProxy = 77ACCB432223B3B40087F4E4 /* PBXContainerItemProxy */;
		};
/* End PBXTargetDependency section */

/* Begin PBXVariantGroup section */
		77ACCB2A2223B3B30087F4E4 /* Main.storyboard */ = {
			isa = PBXVariantGroup;
			children = (
				77ACCB2B2223B3B30087F4E4 /* Base */,
			);
			name = Main.storyboard;
			sourceTree = "<group>";
		};
		77ACCB2F2223B3B40087F4E4 /* LaunchScreen.storyboard */ = {
			isa = PBXVariantGroup;
			children = (
				77ACCB302223B3B40087F4E4 /* Base */,
			);
			name = LaunchScreen.storyboard;
			sourceTree = "<group>";
		};
/* End PBXVariantGroup section */

/* Begin XCBuildConfiguration section */
		77ACCB492223B3B40087F4E4 /* Debug */ = {
			isa = XCBuildConfiguration;
			buildSettings = {
				ALWAYS_SEARCH_USER_PATHS = NO;
				CLANG_ANALYZER_NONNULL = YES;
				CLANG_ANALYZER_NUMBER_OBJECT_CONVERSION = YES_AGGRESSIVE;
				CLANG_CXX_LANGUAGE_STANDARD = "gnu++14";
				CLANG_CXX_LIBRARY = "libc++";
				CLANG_ENABLE_MODULES = YES;
				CLANG_ENABLE_OBJC_ARC = YES;
				CLANG_ENABLE_OBJC_WEAK = YES;
				CLANG_WARN_BLOCK_CAPTURE_AUTORELEASING = YES;
				CLANG_WARN_BOOL_CONVERSION = YES;
				CLANG_WARN_COMMA = YES;
				CLANG_WARN_CONSTANT_CONVERSION = YES;
				CLANG_WARN_DEPRECATED_OBJC_IMPLEMENTATIONS = YES;
				CLANG_WARN_DIRECT_OBJC_ISA_USAGE = YES_ERROR;
				CLANG_WARN_DOCUMENTATION_COMMENTS = YES;
				CLANG_WARN_EMPTY_BODY = YES;
				CLANG_WARN_ENUM_CONVERSION = YES;
				CLANG_WARN_INFINITE_RECURSION = YES;
				CLANG_WARN_INT_CONVERSION = YES;
				CLANG_WARN_NON_LITERAL_NULL_CONVERSION = YES;
				CLANG_WARN_OBJC_IMPLICIT_RETAIN_SELF = YES;
				CLANG_WARN_OBJC_LITERAL_CONVERSION = YES;
				CLANG_WARN_OBJC_ROOT_CLASS = YES_ERROR;
				CLANG_WARN_RANGE_LOOP_ANALYSIS = YES;
				CLANG_WARN_STRICT_PROTOTYPES = YES;
				CLANG_WARN_SUSPICIOUS_MOVE = YES;
				CLANG_WARN_UNGUARDED_AVAILABILITY = YES_AGGRESSIVE;
				CLANG_WARN_UNREACHABLE_CODE = YES;
				CLANG_WARN__DUPLICATE_METHOD_MATCH = YES;
				CODE_SIGN_IDENTITY = "iPhone Developer";
				COPY_PHASE_STRIP = NO;
				DEBUG_INFORMATION_FORMAT = dwarf;
				ENABLE_STRICT_OBJC_MSGSEND = YES;
				ENABLE_TESTABILITY = YES;
				GCC_C_LANGUAGE_STANDARD = gnu11;
				GCC_DYNAMIC_NO_PIC = NO;
				GCC_NO_COMMON_BLOCKS = YES;
				GCC_OPTIMIZATION_LEVEL = 0;
				GCC_PREPROCESSOR_DEFINITIONS = (
					"DEBUG=1",
					"$(inherited)",
				);
				GCC_WARN_64_TO_32_BIT_CONVERSION = YES;
				GCC_WARN_ABOUT_RETURN_TYPE = YES_ERROR;
				GCC_WARN_UNDECLARED_SELECTOR = YES;
				GCC_WARN_UNINITIALIZED_AUTOS = YES_AGGRESSIVE;
				GCC_WARN_UNUSED_FUNCTION = YES;
				GCC_WARN_UNUSED_VARIABLE = YES;
				IPHONEOS_DEPLOYMENT_TARGET = 12.1;
				MTL_ENABLE_DEBUG_INFO = INCLUDE_SOURCE;
				MTL_FAST_MATH = YES;
				ONLY_ACTIVE_ARCH = YES;
				SDKROOT = iphoneos;
				SWIFT_ACTIVE_COMPILATION_CONDITIONS = DEBUG;
				SWIFT_OPTIMIZATION_LEVEL = "-Onone";
			};
			name = Debug;
		};
		77ACCB4A2223B3B40087F4E4 /* Release */ = {
			isa = XCBuildConfiguration;
			buildSettings = {
				ALWAYS_SEARCH_USER_PATHS = NO;
				CLANG_ANALYZER_NONNULL = YES;
				CLANG_ANALYZER_NUMBER_OBJECT_CONVERSION = YES_AGGRESSIVE;
				CLANG_CXX_LANGUAGE_STANDARD = "gnu++14";
				CLANG_CXX_LIBRARY = "libc++";
				CLANG_ENABLE_MODULES = YES;
				CLANG_ENABLE_OBJC_ARC = YES;
				CLANG_ENABLE_OBJC_WEAK = YES;
				CLANG_WARN_BLOCK_CAPTURE_AUTORELEASING = YES;
				CLANG_WARN_BOOL_CONVERSION = YES;
				CLANG_WARN_COMMA = YES;
				CLANG_WARN_CONSTANT_CONVERSION = YES;
				CLANG_WARN_DEPRECATED_OBJC_IMPLEMENTATIONS = YES;
				CLANG_WARN_DIRECT_OBJC_ISA_USAGE = YES_ERROR;
				CLANG_WARN_DOCUMENTATION_COMMENTS = YES;
				CLANG_WARN_EMPTY_BODY = YES;
				CLANG_WARN_ENUM_CONVERSION = YES;
				CLANG_WARN_INFINITE_RECURSION = YES;
				CLANG_WARN_INT_CONVERSION = YES;
				CLANG_WARN_NON_LITERAL_NULL_CONVERSION = YES;
				CLANG_WARN_OBJC_IMPLICIT_RETAIN_SELF = YES;
				CLANG_WARN_OBJC_LITERAL_CONVERSION = YES;
				CLANG_WARN_OBJC_ROOT_CLASS = YES_ERROR;
				CLANG_WARN_RANGE_LOOP_ANALYSIS = YES;
				CLANG_WARN_STRICT_PROTOTYPES = YES;
				CLANG_WARN_SUSPICIOUS_MOVE = YES;
				CLANG_WARN_UNGUARDED_AVAILABILITY = YES_AGGRESSIVE;
				CLANG_WARN_UNREACHABLE_CODE = YES;
				CLANG_WARN__DUPLICATE_METHOD_MATCH = YES;
				CODE_SIGN_IDENTITY = "iPhone Developer";
				COPY_PHASE_STRIP = NO;
				DEBUG_INFORMATION_FORMAT = "dwarf-with-dsym";
				ENABLE_NS_ASSERTIONS = NO;
				ENABLE_STRICT_OBJC_MSGSEND = YES;
				GCC_C_LANGUAGE_STANDARD = gnu11;
				GCC_NO_COMMON_BLOCKS = YES;
				GCC_WARN_64_TO_32_BIT_CONVERSION = YES;
				GCC_WARN_ABOUT_RETURN_TYPE = YES_ERROR;
				GCC_WARN_UNDECLARED_SELECTOR = YES;
				GCC_WARN_UNINITIALIZED_AUTOS = YES_AGGRESSIVE;
				GCC_WARN_UNUSED_FUNCTION = YES;
				GCC_WARN_UNUSED_VARIABLE = YES;
				IPHONEOS_DEPLOYMENT_TARGET = 12.1;
				MTL_ENABLE_DEBUG_INFO = NO;
				MTL_FAST_MATH = YES;
				SDKROOT = iphoneos;
				SWIFT_COMPILATION_MODE = wholemodule;
				SWIFT_OPTIMIZATION_LEVEL = "-O";
				VALIDATE_PRODUCT = YES;
			};
			name = Release;
		};
		77ACCB4C2223B3B40087F4E4 /* Debug */ = {
			isa = XCBuildConfiguration;
			baseConfigurationReference = A6DFFC6A328C342484631FC4 /* Pods-FileDownload.debug.xcconfig */;
			buildSettings = {
				ASSETCATALOG_COMPILER_APPICON_NAME = AppIcon;
				CODE_SIGN_STYLE = Automatic;
				INFOPLIST_FILE = FileDownload/Info.plist;
				LD_RUNPATH_SEARCH_PATHS = (
					"$(inherited)",
					"@executable_path/Frameworks",
				);
				PRODUCT_BUNDLE_IDENTIFIER = g.FileDownload;
				PRODUCT_NAME = "$(TARGET_NAME)";
				SWIFT_VERSION = 4.2;
				TARGETED_DEVICE_FAMILY = "1,2";
			};
			name = Debug;
		};
		77ACCB4D2223B3B40087F4E4 /* Release */ = {
			isa = XCBuildConfiguration;
			baseConfigurationReference = 4FCDB542B83D04DD4C2BF2AF /* Pods-FileDownload.release.xcconfig */;
			buildSettings = {
				ASSETCATALOG_COMPILER_APPICON_NAME = AppIcon;
				CODE_SIGN_STYLE = Automatic;
				INFOPLIST_FILE = FileDownload/Info.plist;
				LD_RUNPATH_SEARCH_PATHS = (
					"$(inherited)",
					"@executable_path/Frameworks",
				);
				PRODUCT_BUNDLE_IDENTIFIER = g.FileDownload;
				PRODUCT_NAME = "$(TARGET_NAME)";
				SWIFT_VERSION = 4.2;
				TARGETED_DEVICE_FAMILY = "1,2";
			};
			name = Release;
		};
		77ACCB4F2223B3B40087F4E4 /* Debug */ = {
			isa = XCBuildConfiguration;
			baseConfigurationReference = E651852A1891D8B0CF36C3D9 /* Pods-FileDownloadTests.debug.xcconfig */;
			buildSettings = {
				ALWAYS_EMBED_SWIFT_STANDARD_LIBRARIES = YES;
				BUNDLE_LOADER = "$(TEST_HOST)";
				CODE_SIGN_STYLE = Automatic;
				INFOPLIST_FILE = FileDownloadTests/Info.plist;
				LD_RUNPATH_SEARCH_PATHS = (
					"$(inherited)",
					"@executable_path/Frameworks",
					"@loader_path/Frameworks",
				);
				PRODUCT_BUNDLE_IDENTIFIER = g.FileDownloadTests;
				PRODUCT_NAME = "$(TARGET_NAME)";
				SWIFT_VERSION = 4.2;
				TARGETED_DEVICE_FAMILY = "1,2";
				TEST_HOST = "$(BUILT_PRODUCTS_DIR)/FileDownload.app/FileDownload";
			};
			name = Debug;
		};
		77ACCB502223B3B40087F4E4 /* Release */ = {
			isa = XCBuildConfiguration;
			baseConfigurationReference = 9FCB6141FDC2CD7A548E6742 /* Pods-FileDownloadTests.release.xcconfig */;
			buildSettings = {
				ALWAYS_EMBED_SWIFT_STANDARD_LIBRARIES = YES;
				BUNDLE_LOADER = "$(TEST_HOST)";
				CODE_SIGN_STYLE = Automatic;
				INFOPLIST_FILE = FileDownloadTests/Info.plist;
				LD_RUNPATH_SEARCH_PATHS = (
					"$(inherited)",
					"@executable_path/Frameworks",
					"@loader_path/Frameworks",
				);
				PRODUCT_BUNDLE_IDENTIFIER = g.FileDownloadTests;
				PRODUCT_NAME = "$(TARGET_NAME)";
				SWIFT_VERSION = 4.2;
				TARGETED_DEVICE_FAMILY = "1,2";
				TEST_HOST = "$(BUILT_PRODUCTS_DIR)/FileDownload.app/FileDownload";
			};
			name = Release;
		};
		77ACCB522223B3B40087F4E4 /* Debug */ = {
			isa = XCBuildConfiguration;
			baseConfigurationReference = 70583A91BAC7237C37D9B350 /* Pods-FileDownloadUITests.debug.xcconfig */;
			buildSettings = {
				ALWAYS_EMBED_SWIFT_STANDARD_LIBRARIES = YES;
				CODE_SIGN_STYLE = Automatic;
				INFOPLIST_FILE = FileDownloadUITests/Info.plist;
				LD_RUNPATH_SEARCH_PATHS = (
					"$(inherited)",
					"@executable_path/Frameworks",
					"@loader_path/Frameworks",
				);
				PRODUCT_BUNDLE_IDENTIFIER = g.FileDownloadUITests;
				PRODUCT_NAME = "$(TARGET_NAME)";
				SWIFT_VERSION = 4.2;
				TARGETED_DEVICE_FAMILY = "1,2";
				TEST_TARGET_NAME = FileDownload;
			};
			name = Debug;
		};
		77ACCB532223B3B40087F4E4 /* Release */ = {
			isa = XCBuildConfiguration;
			baseConfigurationReference = E457598277C2F10101530D26 /* Pods-FileDownloadUITests.release.xcconfig */;
			buildSettings = {
				ALWAYS_EMBED_SWIFT_STANDARD_LIBRARIES = YES;
				CODE_SIGN_STYLE = Automatic;
				INFOPLIST_FILE = FileDownloadUITests/Info.plist;
				LD_RUNPATH_SEARCH_PATHS = (
					"$(inherited)",
					"@executable_path/Frameworks",
					"@loader_path/Frameworks",
				);
				PRODUCT_BUNDLE_IDENTIFIER = g.FileDownloadUITests;
				PRODUCT_NAME = "$(TARGET_NAME)";
				SWIFT_VERSION = 4.2;
				TARGETED_DEVICE_FAMILY = "1,2";
				TEST_TARGET_NAME = FileDownload;
			};
			name = Release;
		};
/* End XCBuildConfiguration section */

/* Begin XCConfigurationList section */
		77ACCB1E2223B3B30087F4E4 /* Build configuration list for PBXProject "FileDownload" */ = {
			isa = XCConfigurationList;
			buildConfigurations = (
				77ACCB492223B3B40087F4E4 /* Debug */,
				77ACCB4A2223B3B40087F4E4 /* Release */,
			);
			defaultConfigurationIsVisible = 0;
			defaultConfigurationName = Release;
		};
		77ACCB4B2223B3B40087F4E4 /* Build configuration list for PBXNativeTarget "FileDownload" */ = {
			isa = XCConfigurationList;
			buildConfigurations = (
				77ACCB4C2223B3B40087F4E4 /* Debug */,
				77ACCB4D2223B3B40087F4E4 /* Release */,
			);
			defaultConfigurationIsVisible = 0;
			defaultConfigurationName = Release;
		};
		77ACCB4E2223B3B40087F4E4 /* Build configuration list for PBXNativeTarget "FileDownloadTests" */ = {
			isa = XCConfigurationList;
			buildConfigurations = (
				77ACCB4F2223B3B40087F4E4 /* Debug */,
				77ACCB502223B3B40087F4E4 /* Release */,
			);
			defaultConfigurationIsVisible = 0;
			defaultConfigurationName = Release;
		};
		77ACCB512223B3B40087F4E4 /* Build configuration list for PBXNativeTarget "FileDownloadUITests" */ = {
			isa = XCConfigurationList;
			buildConfigurations = (
				77ACCB522223B3B40087F4E4 /* Debug */,
				77ACCB532223B3B40087F4E4 /* Release */,
			);
			defaultConfigurationIsVisible = 0;
			defaultConfigurationName = Release;
		};
/* End XCConfigurationList section */
	};
	rootObject = 77ACCB1B2223B3B30087F4E4 /* Project object */;
}
